
Microsoft Visual Studio Solution File, Format Version 12.00
# Visual Studio Version 17
VisualStudioVersion = 17.3.32825.248
MinimumVisualStudioVersion = 10.0.40219.1
Project("{2150E333-8FDC-42A3-9474-1A3956D46DE8}") = "Services", "Services", "{1A421FEE-96B2-44D3-B65C-A3EDB6EAB61E}"
EndProject
Project("{2150E333-8FDC-42A3-9474-1A3956D46DE8}") = "Catalog", "Catalog", "{4401A7CF-0E48-4876-AE8E-9407461BB227}"
EndProject
Project("{9A19103F-16F7-4668-BE54-9A1E7A4F7556}") = "Catalog.Api", "Services\Catalog\Catalog.Api\Catalog.Api.csproj", "{EAEAD648-F53A-49A2-A5AC-AC5F42204F79}"
EndProject
Project("{E53339B2-1760-4266-BCC7-CA923CBCF16C}") = "docker-compose", "docker-compose.dcproj", "{08EE59C6-11BE-405B-B6A3-366135D0006C}"
EndProject
Global
	GlobalSection(SolutionConfigurationPlatforms) = preSolution
		Debug|Any CPU = Debug|Any CPU
		Release|Any CPU = Release|Any CPU
	EndGlobalSection
	GlobalSection(ProjectConfigurationPlatforms) = postSolution
		{EAEAD648-F53A-49A2-A5AC-AC5F42204F79}.Debug|Any CPU.ActiveCfg = Debug|Any CPU
		{EAEAD648-F53A-49A2-A5AC-AC5F42204F79}.Debug|Any CPU.Build.0 = Debug|Any CPU
		{EAEAD648-F53A-49A2-A5AC-AC5F42204F79}.Release|Any CPU.ActiveCfg = Release|Any CPU
		{EAEAD648-F53A-49A2-A5AC-AC5F42204F79}.Release|Any CPU.Build.0 = Release|Any CPU
		{08EE59C6-11BE-405B-B6A3-366135D0006C}.Debug|Any CPU.ActiveCfg = Debug|Any CPU
		{08EE59C6-11BE-405B-B6A3-366135D0006C}.Debug|Any CPU.Build.0 = Debug|Any CPU
		{08EE59C6-11BE-405B-B6A3-366135D0006C}.Release|Any CPU.ActiveCfg = Release|Any CPU
		{08EE59C6-11BE-405B-B6A3-366135D0006C}.Release|Any CPU.Build.0 = Release|Any CPU
	EndGlobalSection
	GlobalSection(SolutionProperties) = preSolution
		HideSolutionNode = FALSE
	EndGlobalSection
	GlobalSection(NestedProjects) = preSolution
		{4401A7CF-0E48-4876-AE8E-9407461BB227} = {1A421FEE-96B2-44D3-B65C-A3EDB6EAB61E}
		{EAEAD648-F53A-49A2-A5AC-AC5F42204F79} = {4401A7CF-0E48-4876-AE8E-9407461BB227}
	EndGlobalSection
	GlobalSection(ExtensibilityGlobals) = postSolution
		SolutionGuid = {85CCEE31-B83F-405F-B672-7D65E0157B1C}
	EndGlobalSection
EndGlobal
